{
  "version": 4,
  "terraform_version": "1.4.6",
  "serial": 258,
  "lineage": "bc1e6e90-4393-23df-1431-edfbaf60710e",
  "outputs": {},
  "resources": [
    {
      "mode": "data",
      "type": "archive_file",
      "name": "source_be",
      "provider": "provider[\"registry.terraform.io/hashicorp/archive\"]",
      "instances": [
        {
          "schema_version": 0,
          "attributes": {
            "exclude_symlink_directories": null,
            "excludes": null,
            "id": "0386b55ca19edd23fd7880178eb7700130662de3",
            "output_base64sha256": "RZtO2bo/gT10GtWLx9qC4mWyPbcoqbMXmtuBgHTMtIg=",
            "output_base64sha512": "uckGFvnT1eVgsJoI2Orsa0a5uq/KyTWYP4zNfWV44LJr95tOnAIZS99UXpzK5+VZI+lPOZCwo6uTJ7tfamcRJA==",
            "output_file_mode": null,
            "output_md5": "83709143b4810b3ebf397ece8228a5ff",
            "output_path": "./source-code/nest-server-rtc.zip",
            "output_sha": "0386b55ca19edd23fd7880178eb7700130662de3",
            "output_sha256": "459b4ed9ba3f813d741ad58bc7da82e265b23db728a9b3179adb818074ccb488",
            "output_sha512": "b9c90616f9d3d5e560b09a08d8eaec6b46b9baafcac935983f8ccd7d6578e0b26bf79b4e9c02194bdf545e9ccae7e55923e94f3990b0a3ab9327bb5f6a671124",
            "output_size": 306620,
            "source": [],
            "source_content": null,
            "source_content_filename": null,
            "source_dir": "./../nest-server-rtc",
            "source_file": null,
            "type": "zip"
          },
          "sensitive_attributes": []
        }
      ]
    },
    {
      "mode": "data",
      "type": "archive_file",
      "name": "source_fe",
      "provider": "provider[\"registry.terraform.io/hashicorp/archive\"]",
      "instances": [
        {
          "schema_version": 0,
          "attributes": {
            "exclude_symlink_directories": null,
            "excludes": null,
            "id": "f5e4cbf57ec0e6ff28d7ec0c9d5f5122abcc2ce1",
            "output_base64sha256": "2ii6THTA5gH21nzCIzdjFFTgOkgUPw8hQJ/5ujDaK1k=",
            "output_base64sha512": "Rk/6HsUwzr4E827pvA4dzYS3zP1BlOYxUY5/VcVAIEWk/JSVA2Z6sLYgNGwW8NB0fNijgln5dulVN8vGuQ1j1A==",
            "output_file_mode": null,
            "output_md5": "bf6b3b1aa3e91f785a5b3d9080c5392a",
            "output_path": "./source-code/vue-rtc.zip",
            "output_sha": "f5e4cbf57ec0e6ff28d7ec0c9d5f5122abcc2ce1",
            "output_sha256": "da28ba4c74c0e601f6d67cc22337631454e03a48143f0f21409ff9ba30da2b59",
            "output_sha512": "464ffa1ec530cebe04f36ee9bc0e1dcd84b7ccfd4194e631518e7f55c5402045a4fc949503667ab0b620346c16f0d0747cd8a38259f976e95537cbc6b90d63d4",
            "output_size": 255623,
            "source": [],
            "source_content": null,
            "source_content_filename": null,
            "source_dir": "./../vue-rtc",
            "source_file": null,
            "type": "zip"
          },
          "sensitive_attributes": []
        }
      ]
    },
    {
      "mode": "managed",
      "type": "aws_api_gateway_deployment",
      "name": "gateway_deployment_be",
      "provider": "provider[\"registry.terraform.io/hashicorp/aws\"]",
      "instances": [
        {
          "schema_version": 0,
          "attributes": {
            "created_date": "2023-06-22T09:21:18Z",
            "description": "",
            "execution_arn": "arn:aws:execute-api:us-east-1:866668578024:utxuunllga/",
            "id": "h6rzuq",
            "invoke_url": "https://utxuunllga.execute-api.us-east-1.amazonaws.com/",
            "rest_api_id": "utxuunllga",
            "stage_description": null,
            "stage_name": null,
            "triggers": null,
            "variables": null
          },
          "sensitive_attributes": [],
          "private": "bnVsbA==",
          "dependencies": [
            "aws_api_gateway_integration.gateway_integration_fe",
            "aws_api_gateway_method.gateway_method_fe",
            "aws_api_gateway_resource.gateway_resource_fe",
            "aws_api_gateway_rest_api.rest_api_be",
            "aws_api_gateway_rest_api.rest_api_fe",
            "aws_iam_role.lambda_role",
            "aws_lambda_function.lambda_fe",
            "aws_s3_bucket.lambda_bucket",
            "aws_s3_object.s3_object_fe",
            "data.archive_file.source_fe"
          ]
        }
      ]
    },
    {
      "mode": "managed",
      "type": "aws_api_gateway_deployment",
      "name": "gateway_deployment_fe",
      "provider": "provider[\"registry.terraform.io/hashicorp/aws\"]",
      "instances": [
        {
          "schema_version": 0,
          "attributes": {
            "created_date": "2023-06-22T09:21:18Z",
            "description": "",
            "execution_arn": "arn:aws:execute-api:us-east-1:866668578024:8s5sj2fz41/",
            "id": "tc7ega",
            "invoke_url": "https://8s5sj2fz41.execute-api.us-east-1.amazonaws.com/",
            "rest_api_id": "8s5sj2fz41",
            "stage_description": null,
            "stage_name": null,
            "triggers": null,
            "variables": null
          },
          "sensitive_attributes": [],
          "private": "bnVsbA==",
          "dependencies": [
            "aws_api_gateway_integration.gateway_integration_fe",
            "aws_api_gateway_method.gateway_method_fe",
            "aws_api_gateway_resource.gateway_resource_fe",
            "aws_api_gateway_rest_api.rest_api_fe",
            "aws_iam_role.lambda_role",
            "aws_lambda_function.lambda_fe",
            "aws_s3_bucket.lambda_bucket",
            "aws_s3_object.s3_object_fe",
            "data.archive_file.source_fe"
          ]
        }
      ]
    },
    {
      "mode": "managed",
      "type": "aws_api_gateway_integration",
      "name": "gateway_integration_be",
      "provider": "provider[\"registry.terraform.io/hashicorp/aws\"]",
      "instances": [
        {
          "schema_version": 0,
          "attributes": {
            "cache_key_parameters": null,
            "cache_namespace": "h4xil9",
            "connection_id": "",
            "connection_type": "INTERNET",
            "content_handling": "",
            "credentials": "",
            "http_method": "POST",
            "id": "agi-utxuunllga-h4xil9-POST",
            "integration_http_method": "POST",
            "passthrough_behavior": "WHEN_NO_MATCH",
            "request_parameters": null,
            "request_templates": null,
            "resource_id": "h4xil9",
            "rest_api_id": "utxuunllga",
            "timeout_milliseconds": 29000,
            "tls_config": [],
            "type": "AWS_PROXY",
            "uri": "arn:aws:apigateway:us-east-1:lambda:path/2015-03-31/functions/arn:aws:lambda:us-east-1:866668578024:function:rtc-be/invocations"
          },
          "sensitive_attributes": [],
          "private": "bnVsbA==",
          "dependencies": [
            "aws_api_gateway_method.gateway_method_be",
            "aws_api_gateway_resource.gateway_resource_be",
            "aws_api_gateway_rest_api.rest_api_be",
            "aws_iam_role.lambda_role",
            "aws_lambda_function.lambda_be",
            "aws_s3_bucket.lambda_bucket",
            "aws_s3_object.s3_object_be",
            "data.archive_file.source_be"
          ]
        }
      ]
    },
    {
      "mode": "managed",
      "type": "aws_api_gateway_integration",
      "name": "gateway_integration_fe",
      "provider": "provider[\"registry.terraform.io/hashicorp/aws\"]",
      "instances": [
        {
          "schema_version": 0,
          "attributes": {
            "cache_key_parameters": null,
            "cache_namespace": "z55gqs",
            "connection_id": "",
            "connection_type": "INTERNET",
            "content_handling": "",
            "credentials": "",
            "http_method": "POST",
            "id": "agi-8s5sj2fz41-z55gqs-POST",
            "integration_http_method": "POST",
            "passthrough_behavior": "WHEN_NO_MATCH",
            "request_parameters": null,
            "request_templates": null,
            "resource_id": "z55gqs",
            "rest_api_id": "8s5sj2fz41",
            "timeout_milliseconds": 29000,
            "tls_config": [],
            "type": "AWS_PROXY",
            "uri": "arn:aws:apigateway:us-east-1:lambda:path/2015-03-31/functions/arn:aws:lambda:us-east-1:866668578024:function:rtc-fe/invocations"
          },
          "sensitive_attributes": [],
          "private": "bnVsbA==",
          "dependencies": [
            "aws_api_gateway_method.gateway_method_fe",
            "aws_api_gateway_resource.gateway_resource_fe",
            "aws_api_gateway_rest_api.rest_api_fe",
            "aws_iam_role.lambda_role",
            "aws_lambda_function.lambda_fe",
            "aws_s3_bucket.lambda_bucket",
            "aws_s3_object.s3_object_fe",
            "data.archive_file.source_fe"
          ]
        }
      ]
    },
    {
      "mode": "managed",
      "type": "aws_api_gateway_method",
      "name": "gateway_method_be",
      "provider": "provider[\"registry.terraform.io/hashicorp/aws\"]",
      "instances": [
        {
          "schema_version": 0,
          "attributes": {
            "api_key_required": false,
            "authorization": "NONE",
            "authorization_scopes": null,
            "authorizer_id": null,
            "http_method": "POST",
            "id": "agm-utxuunllga-h4xil9-POST",
            "operation_name": null,
            "request_models": null,
            "request_parameters": null,
            "request_validator_id": null,
            "resource_id": "h4xil9",
            "rest_api_id": "utxuunllga"
          },
          "sensitive_attributes": [],
          "private": "bnVsbA==",
          "dependencies": [
            "aws_api_gateway_resource.gateway_resource_be",
            "aws_api_gateway_rest_api.rest_api_be"
          ]
        }
      ]
    },
    {
      "mode": "managed",
      "type": "aws_api_gateway_method",
      "name": "gateway_method_fe",
      "provider": "provider[\"registry.terraform.io/hashicorp/aws\"]",
      "instances": [
        {
          "schema_version": 0,
          "attributes": {
            "api_key_required": false,
            "authorization": "NONE",
            "authorization_scopes": null,
            "authorizer_id": null,
            "http_method": "POST",
            "id": "agm-8s5sj2fz41-z55gqs-POST",
            "operation_name": null,
            "request_models": null,
            "request_parameters": null,
            "request_validator_id": null,
            "resource_id": "z55gqs",
            "rest_api_id": "8s5sj2fz41"
          },
          "sensitive_attributes": [],
          "private": "bnVsbA==",
          "dependencies": [
            "aws_api_gateway_resource.gateway_resource_fe",
            "aws_api_gateway_rest_api.rest_api_fe"
          ]
        }
      ]
    },
    {
      "mode": "managed",
      "type": "aws_api_gateway_resource",
      "name": "gateway_resource_be",
      "provider": "provider[\"registry.terraform.io/hashicorp/aws\"]",
      "instances": [
        {
          "schema_version": 0,
          "attributes": {
            "id": "h4xil9",
            "parent_id": "8h8pe37p27",
            "path": "/be",
            "path_part": "be",
            "rest_api_id": "utxuunllga"
          },
          "sensitive_attributes": [],
          "private": "bnVsbA==",
          "dependencies": [
            "aws_api_gateway_rest_api.rest_api_be"
          ]
        }
      ]
    },
    {
      "mode": "managed",
      "type": "aws_api_gateway_resource",
      "name": "gateway_resource_fe",
      "provider": "provider[\"registry.terraform.io/hashicorp/aws\"]",
      "instances": [
        {
          "schema_version": 0,
          "attributes": {
            "id": "z55gqs",
            "parent_id": "uijytenq10",
            "path": "/fe",
            "path_part": "fe",
            "rest_api_id": "8s5sj2fz41"
          },
          "sensitive_attributes": [],
          "private": "bnVsbA==",
          "dependencies": [
            "aws_api_gateway_rest_api.rest_api_fe"
          ]
        }
      ]
    },
    {
      "mode": "managed",
      "type": "aws_api_gateway_rest_api",
      "name": "rest_api_be",
      "provider": "provider[\"registry.terraform.io/hashicorp/aws\"]",
      "instances": [
        {
          "schema_version": 0,
          "attributes": {
            "api_key_source": "HEADER",
            "arn": "arn:aws:apigateway:us-east-1::/restapis/utxuunllga",
            "binary_media_types": [],
            "body": null,
            "created_date": "2023-06-22T09:20:58Z",
            "description": "An example API Gateway",
            "disable_execute_api_endpoint": false,
            "endpoint_configuration": [
              {
                "types": [
                  "EDGE"
                ],
                "vpc_endpoint_ids": []
              }
            ],
            "execution_arn": "arn:aws:execute-api:us-east-1:866668578024:utxuunllga",
            "fail_on_warnings": null,
            "id": "utxuunllga",
            "minimum_compression_size": "",
            "name": "rtc-be",
            "parameters": null,
            "policy": "",
            "put_rest_api_mode": null,
            "root_resource_id": "8h8pe37p27",
            "tags": null,
            "tags_all": {}
          },
          "sensitive_attributes": [],
          "private": "bnVsbA=="
        }
      ]
    },
    {
      "mode": "managed",
      "type": "aws_api_gateway_rest_api",
      "name": "rest_api_fe",
      "provider": "provider[\"registry.terraform.io/hashicorp/aws\"]",
      "instances": [
        {
          "schema_version": 0,
          "attributes": {
            "api_key_source": "HEADER",
            "arn": "arn:aws:apigateway:us-east-1::/restapis/8s5sj2fz41",
            "binary_media_types": [],
            "body": null,
            "created_date": "2023-06-22T09:20:58Z",
            "description": "An example API Gateway",
            "disable_execute_api_endpoint": false,
            "endpoint_configuration": [
              {
                "types": [
                  "EDGE"
                ],
                "vpc_endpoint_ids": []
              }
            ],
            "execution_arn": "arn:aws:execute-api:us-east-1:866668578024:8s5sj2fz41",
            "fail_on_warnings": null,
            "id": "8s5sj2fz41",
            "minimum_compression_size": "",
            "name": "rtc-fe",
            "parameters": null,
            "policy": "",
            "put_rest_api_mode": null,
            "root_resource_id": "uijytenq10",
            "tags": null,
            "tags_all": {}
          },
          "sensitive_attributes": [],
          "private": "bnVsbA=="
        }
      ]
    },
    {
      "mode": "managed",
      "type": "aws_cloudwatch_log_group",
      "name": "log_group_be",
      "provider": "provider[\"registry.terraform.io/hashicorp/aws\"]",
      "instances": [
        {
          "schema_version": 0,
          "attributes": {
            "arn": "arn:aws:logs:us-east-1:866668578024:log-group:/rtc_be",
            "id": "/rtc_be",
            "kms_key_id": "",
            "name": "/rtc_be",
            "name_prefix": "",
            "retention_in_days": 30,
            "skip_destroy": false,
            "tags": null,
            "tags_all": {}
          },
          "sensitive_attributes": [],
          "private": "bnVsbA=="
        }
      ]
    },
    {
      "mode": "managed",
      "type": "aws_cloudwatch_log_group",
      "name": "log_group_fe",
      "provider": "provider[\"registry.terraform.io/hashicorp/aws\"]",
      "instances": [
        {
          "schema_version": 0,
          "attributes": {
            "arn": "arn:aws:logs:us-east-1:866668578024:log-group:/rtc_fe",
            "id": "/rtc_fe",
            "kms_key_id": "",
            "name": "/rtc_fe",
            "name_prefix": "",
            "retention_in_days": 30,
            "skip_destroy": false,
            "tags": null,
            "tags_all": {}
          },
          "sensitive_attributes": [],
          "private": "bnVsbA=="
        }
      ]
    },
    {
      "mode": "managed",
      "type": "aws_iam_role",
      "name": "lambda_role",
      "provider": "provider[\"registry.terraform.io/hashicorp/aws\"]",
      "instances": [
        {
          "schema_version": 0,
          "attributes": {
            "arn": "arn:aws:iam::866668578024:role/serverless_lambda",
            "assume_role_policy": "{\"Statement\":[{\"Action\":\"sts:AssumeRole\",\"Effect\":\"Allow\",\"Principal\":{\"Service\":\"lambda.amazonaws.com\"},\"Sid\":\"\"}],\"Version\":\"2012-10-17\"}",
            "create_date": "2023-06-22T09:20:58Z",
            "description": "",
            "force_detach_policies": false,
            "id": "serverless_lambda",
            "inline_policy": [],
            "managed_policy_arns": [],
            "max_session_duration": 3600,
            "name": "serverless_lambda",
            "name_prefix": "",
            "path": "/",
            "permissions_boundary": null,
            "tags": null,
            "tags_all": {},
            "unique_id": "AROA4TSLZATUJBCL7MSC7"
          },
          "sensitive_attributes": [],
          "private": "bnVsbA=="
        }
      ]
    },
    {
      "mode": "managed",
      "type": "aws_iam_role_policy_attachment",
      "name": "lambda_policy",
      "provider": "provider[\"registry.terraform.io/hashicorp/aws\"]",
      "instances": [
        {
          "schema_version": 0,
          "attributes": {
            "id": "serverless_lambda-20230622092059798800000003",
            "policy_arn": "arn:aws:iam::aws:policy/service-role/AWSLambdaBasicExecutionRole",
            "role": "serverless_lambda"
          },
          "sensitive_attributes": [],
          "private": "bnVsbA==",
          "dependencies": [
            "aws_iam_role.lambda_role"
          ]
        }
      ]
    },
    {
      "mode": "managed",
      "type": "aws_lambda_function",
      "name": "lambda_be",
      "provider": "provider[\"registry.terraform.io/hashicorp/aws\"]",
      "instances": [
        {
          "schema_version": 0,
          "attributes": {
            "architectures": [
              "x86_64"
            ],
            "arn": "arn:aws:lambda:us-east-1:866668578024:function:rtc-be",
            "code_signing_config_arn": "",
            "dead_letter_config": [],
            "description": "",
            "environment": [],
            "ephemeral_storage": [
              {
                "size": 512
              }
            ],
            "file_system_config": [],
            "filename": null,
            "function_name": "rtc-be",
            "handler": "handler.handler",
            "id": "rtc-be",
            "image_config": [],
            "image_uri": "",
            "invoke_arn": "arn:aws:apigateway:us-east-1:lambda:path/2015-03-31/functions/arn:aws:lambda:us-east-1:866668578024:function:rtc-be/invocations",
            "kms_key_arn": "",
            "last_modified": "2023-06-22T09:21:08.438+0000",
            "layers": null,
            "memory_size": 128,
            "package_type": "Zip",
            "publish": false,
            "qualified_arn": "arn:aws:lambda:us-east-1:866668578024:function:rtc-be:$LATEST",
            "qualified_invoke_arn": "arn:aws:apigateway:us-east-1:lambda:path/2015-03-31/functions/arn:aws:lambda:us-east-1:866668578024:function:rtc-be:$LATEST/invocations",
            "replace_security_groups_on_destroy": null,
            "replacement_security_group_ids": null,
            "reserved_concurrent_executions": -1,
            "role": "arn:aws:iam::866668578024:role/serverless_lambda",
            "runtime": "nodejs16.x",
            "s3_bucket": "projectrtc",
            "s3_key": "nest-server-rtc.zip",
            "s3_object_version": null,
            "signing_job_arn": "",
            "signing_profile_version_arn": "",
            "skip_destroy": false,
            "snap_start": [],
            "source_code_hash": "RZtO2bo/gT10GtWLx9qC4mWyPbcoqbMXmtuBgHTMtIg=",
            "source_code_size": 306620,
            "tags": null,
            "tags_all": {},
            "timeout": 3,
            "timeouts": null,
            "tracing_config": [
              {
                "mode": "PassThrough"
              }
            ],
            "version": "$LATEST",
            "vpc_config": []
          },
          "sensitive_attributes": [],
          "private": "eyJlMmJmYjczMC1lY2FhLTExZTYtOGY4OC0zNDM2M2JjN2M0YzAiOnsiY3JlYXRlIjo2MDAwMDAwMDAwMDAsImRlbGV0ZSI6NjAwMDAwMDAwMDAwLCJ1cGRhdGUiOjYwMDAwMDAwMDAwMH19",
          "dependencies": [
            "aws_iam_role.lambda_role",
            "aws_s3_bucket.lambda_bucket",
            "aws_s3_object.s3_object_be",
            "data.archive_file.source_be"
          ]
        }
      ]
    },
    {
      "mode": "managed",
      "type": "aws_lambda_function",
      "name": "lambda_fe",
      "provider": "provider[\"registry.terraform.io/hashicorp/aws\"]",
      "instances": [
        {
          "schema_version": 0,
          "attributes": {
            "architectures": [
              "x86_64"
            ],
            "arn": "arn:aws:lambda:us-east-1:866668578024:function:rtc-fe",
            "code_signing_config_arn": "",
            "dead_letter_config": [],
            "description": "",
            "environment": [],
            "ephemeral_storage": [
              {
                "size": 512
              }
            ],
            "file_system_config": [],
            "filename": null,
            "function_name": "rtc-fe",
            "handler": "handler.handler",
            "id": "rtc-fe",
            "image_config": [],
            "image_uri": "",
            "invoke_arn": "arn:aws:apigateway:us-east-1:lambda:path/2015-03-31/functions/arn:aws:lambda:us-east-1:866668578024:function:rtc-fe/invocations",
            "kms_key_arn": "",
            "last_modified": "2023-06-22T09:21:16.681+0000",
            "layers": null,
            "memory_size": 128,
            "package_type": "Zip",
            "publish": false,
            "qualified_arn": "arn:aws:lambda:us-east-1:866668578024:function:rtc-fe:$LATEST",
            "qualified_invoke_arn": "arn:aws:apigateway:us-east-1:lambda:path/2015-03-31/functions/arn:aws:lambda:us-east-1:866668578024:function:rtc-fe:$LATEST/invocations",
            "replace_security_groups_on_destroy": null,
            "replacement_security_group_ids": null,
            "reserved_concurrent_executions": -1,
            "role": "arn:aws:iam::866668578024:role/serverless_lambda",
            "runtime": "nodejs16.x",
            "s3_bucket": "projectrtc",
            "s3_key": "vue-rtc.zip",
            "s3_object_version": null,
            "signing_job_arn": "",
            "signing_profile_version_arn": "",
            "skip_destroy": false,
            "snap_start": [],
            "source_code_hash": "2ii6THTA5gH21nzCIzdjFFTgOkgUPw8hQJ/5ujDaK1k=",
            "source_code_size": 255623,
            "tags": null,
            "tags_all": {},
            "timeout": 3,
            "timeouts": null,
            "tracing_config": [
              {
                "mode": "PassThrough"
              }
            ],
            "version": "$LATEST",
            "vpc_config": []
          },
          "sensitive_attributes": [],
          "private": "eyJlMmJmYjczMC1lY2FhLTExZTYtOGY4OC0zNDM2M2JjN2M0YzAiOnsiY3JlYXRlIjo2MDAwMDAwMDAwMDAsImRlbGV0ZSI6NjAwMDAwMDAwMDAwLCJ1cGRhdGUiOjYwMDAwMDAwMDAwMH19",
          "dependencies": [
            "aws_iam_role.lambda_role",
            "aws_s3_bucket.lambda_bucket",
            "aws_s3_object.s3_object_fe",
            "data.archive_file.source_fe"
          ]
        }
      ]
    },
    {
      "mode": "managed",
      "type": "aws_lambda_permission",
      "name": "allow_apigw_be_invoke_lambda",
      "provider": "provider[\"registry.terraform.io/hashicorp/aws\"]",
      "instances": [
        {
          "schema_version": 0,
          "attributes": {
            "action": "lambda:InvokeFunction",
            "event_source_token": null,
            "function_name": "rtc-fe",
            "function_url_auth_type": null,
            "id": "AllowExecutionFromAPIGateway",
            "principal": "apigateway.amazonaws.com",
            "principal_org_id": null,
            "qualifier": "",
            "source_account": null,
            "source_arn": "arn:aws:execute-api:us-east-1:866668578024:utxuunllga/*/*/fe",
            "statement_id": "AllowExecutionFromAPIGateway",
            "statement_id_prefix": ""
          },
          "sensitive_attributes": [],
          "private": "bnVsbA==",
          "dependencies": [
            "aws_api_gateway_rest_api.rest_api_be"
          ]
        }
      ]
    },
    {
      "mode": "managed",
      "type": "aws_lambda_permission",
      "name": "logging_be",
      "provider": "provider[\"registry.terraform.io/hashicorp/aws\"]",
      "instances": [
        {
          "schema_version": 0,
          "attributes": {
            "action": "lambda:InvokeFunction",
            "event_source_token": null,
            "function_name": "rtc-be",
            "function_url_auth_type": null,
            "id": "terraform-20230622092059284000000001",
            "principal": "logs.us-east-1.amazonaws.com",
            "principal_org_id": null,
            "qualifier": "",
            "source_account": null,
            "source_arn": "arn:aws:logs:us-east-1:866668578024:log-group:/rtc_be:*",
            "statement_id": "terraform-20230622092059284000000001",
            "statement_id_prefix": "terraform-"
          },
          "sensitive_attributes": [],
          "private": "bnVsbA==",
          "dependencies": [
            "aws_cloudwatch_log_group.log_group_be"
          ]
        }
      ]
    },
    {
      "mode": "managed",
      "type": "aws_s3_bucket",
      "name": "lambda_bucket",
      "provider": "provider[\"registry.terraform.io/hashicorp/aws\"]",
      "instances": [
        {
          "schema_version": 0,
          "attributes": {
            "acceleration_status": "",
            "acl": null,
            "arn": "arn:aws:s3:::projectrtc",
            "bucket": "projectrtc",
            "bucket_domain_name": "projectrtc.s3.amazonaws.com",
            "bucket_prefix": "",
            "bucket_regional_domain_name": "projectrtc.s3.us-east-1.amazonaws.com",
            "cors_rule": [],
            "force_destroy": false,
            "grant": [
              {
                "id": "6e1e0af1625e0c72bbf8877c05a303e9ac580ef7c0cbd41cd51bf120c042d632",
                "permissions": [
                  "FULL_CONTROL"
                ],
                "type": "CanonicalUser",
                "uri": ""
              }
            ],
            "hosted_zone_id": "Z3AQBSTGFYJSTF",
            "id": "projectrtc",
            "lifecycle_rule": [],
            "logging": [],
            "object_lock_configuration": [],
            "object_lock_enabled": false,
            "policy": "",
            "region": "us-east-1",
            "replication_configuration": [],
            "request_payer": "BucketOwner",
            "server_side_encryption_configuration": [
              {
                "rule": [
                  {
                    "apply_server_side_encryption_by_default": [
                      {
                        "kms_master_key_id": "",
                        "sse_algorithm": "AES256"
                      }
                    ],
                    "bucket_key_enabled": false
                  }
                ]
              }
            ],
            "tags": {
              "Environment": "Dev",
              "Name": "Lambda bucket"
            },
            "tags_all": {
              "Environment": "Dev",
              "Name": "Lambda bucket"
            },
            "timeouts": null,
            "versioning": [
              {
                "enabled": false,
                "mfa_delete": false
              }
            ],
            "website": [],
            "website_domain": null,
            "website_endpoint": null
          },
          "sensitive_attributes": [],
          "private": "eyJlMmJmYjczMC1lY2FhLTExZTYtOGY4OC0zNDM2M2JjN2M0YzAiOnsiY3JlYXRlIjoxMjAwMDAwMDAwMDAwLCJkZWxldGUiOjM2MDAwMDAwMDAwMDAsInJlYWQiOjEyMDAwMDAwMDAwMDAsInVwZGF0ZSI6MTIwMDAwMDAwMDAwMH19"
        }
      ]
    },
    {
      "mode": "managed",
      "type": "aws_s3_object",
      "name": "s3_object_be",
      "provider": "provider[\"registry.terraform.io/hashicorp/aws\"]",
      "instances": [
        {
          "schema_version": 0,
          "attributes": {
            "acl": null,
            "bucket": "projectrtc",
            "bucket_key_enabled": false,
            "cache_control": "",
            "content": null,
            "content_base64": null,
            "content_disposition": "",
            "content_encoding": "",
            "content_language": "",
            "content_type": "binary/octet-stream",
            "etag": "83709143b4810b3ebf397ece8228a5ff",
            "force_destroy": false,
            "id": "nest-server-rtc.zip",
            "key": "nest-server-rtc.zip",
            "kms_key_id": null,
            "metadata": null,
            "object_lock_legal_hold_status": "",
            "object_lock_mode": "",
            "object_lock_retain_until_date": "",
            "server_side_encryption": "AES256",
            "source": "./source-code/nest-server-rtc.zip",
            "source_hash": null,
            "storage_class": "STANDARD",
            "tags": null,
            "tags_all": {},
            "version_id": "",
            "website_redirect": ""
          },
          "sensitive_attributes": [],
          "private": "bnVsbA==",
          "dependencies": [
            "aws_s3_bucket.lambda_bucket",
            "data.archive_file.source_be"
          ]
        }
      ]
    },
    {
      "mode": "managed",
      "type": "aws_s3_object",
      "name": "s3_object_fe",
      "provider": "provider[\"registry.terraform.io/hashicorp/aws\"]",
      "instances": [
        {
          "schema_version": 0,
          "attributes": {
            "acl": null,
            "bucket": "projectrtc",
            "bucket_key_enabled": false,
            "cache_control": "",
            "content": null,
            "content_base64": null,
            "content_disposition": "",
            "content_encoding": "",
            "content_language": "",
            "content_type": "binary/octet-stream",
            "etag": "bf6b3b1aa3e91f785a5b3d9080c5392a",
            "force_destroy": false,
            "id": "vue-rtc.zip",
            "key": "vue-rtc.zip",
            "kms_key_id": null,
            "metadata": null,
            "object_lock_legal_hold_status": "",
            "object_lock_mode": "",
            "object_lock_retain_until_date": "",
            "server_side_encryption": "AES256",
            "source": "./source-code/vue-rtc.zip",
            "source_hash": null,
            "storage_class": "STANDARD",
            "tags": null,
            "tags_all": {},
            "version_id": "",
            "website_redirect": ""
          },
          "sensitive_attributes": [],
          "private": "bnVsbA==",
          "dependencies": [
            "aws_s3_bucket.lambda_bucket",
            "data.archive_file.source_fe"
          ]
        }
      ]
    },
    {
      "mode": "managed",
      "type": "aws_security_group",
      "name": "security_group",
      "provider": "provider[\"registry.terraform.io/hashicorp/aws\"]",
      "instances": [
        {
          "schema_version": 1,
          "attributes": {
            "arn": "arn:aws:ec2:us-east-1:866668578024:security-group/sg-09979e5a81631ceca",
            "description": "Managed by Terraform",
            "egress": [],
            "id": "sg-09979e5a81631ceca",
            "ingress": [],
            "name": "lambda_security_group",
            "name_prefix": "",
            "owner_id": "866668578024",
            "revoke_rules_on_delete": false,
            "tags": null,
            "tags_all": {},
            "timeouts": null,
            "vpc_id": "vpc-02ab9660b39f817d1"
          },
          "sensitive_attributes": [],
          "private": "eyJlMmJmYjczMC1lY2FhLTExZTYtOGY4OC0zNDM2M2JjN2M0YzAiOnsiY3JlYXRlIjo2MDAwMDAwMDAwMDAsImRlbGV0ZSI6OTAwMDAwMDAwMDAwfSwic2NoZW1hX3ZlcnNpb24iOiIxIn0=",
          "create_before_destroy": true
        }
      ]
    },
    {
      "mode": "managed",
      "type": "aws_subnet",
      "name": "subnet_be",
      "provider": "provider[\"registry.terraform.io/hashicorp/aws\"]",
      "instances": [
        {
          "schema_version": 1,
          "attributes": {
            "arn": "arn:aws:ec2:us-east-1:866668578024:subnet/subnet-0110b42ae9781baaf",
            "assign_ipv6_address_on_creation": false,
            "availability_zone": "us-east-1a",
            "availability_zone_id": "use1-az4",
            "cidr_block": "10.0.2.0/24",
            "customer_owned_ipv4_pool": "",
            "enable_dns64": false,
            "enable_lni_at_device_index": 0,
            "enable_resource_name_dns_a_record_on_launch": false,
            "enable_resource_name_dns_aaaa_record_on_launch": false,
            "id": "subnet-0110b42ae9781baaf",
            "ipv6_cidr_block": "",
            "ipv6_cidr_block_association_id": "",
            "ipv6_native": false,
            "map_customer_owned_ip_on_launch": false,
            "map_public_ip_on_launch": false,
            "outpost_arn": "",
            "owner_id": "866668578024",
            "private_dns_hostname_type_on_launch": "ip-name",
            "tags": null,
            "tags_all": {},
            "timeouts": null,
            "vpc_id": "vpc-08021d8c6fa5a6b5d"
          },
          "sensitive_attributes": [],
          "private": "eyJlMmJmYjczMC1lY2FhLTExZTYtOGY4OC0zNDM2M2JjN2M0YzAiOnsiY3JlYXRlIjo2MDAwMDAwMDAwMDAsImRlbGV0ZSI6MTIwMDAwMDAwMDAwMH0sInNjaGVtYV92ZXJzaW9uIjoiMSJ9",
          "dependencies": [
            "aws_vpc.rtc_vpc"
          ]
        }
      ]
    },
    {
      "mode": "managed",
      "type": "aws_subnet",
      "name": "subnet_fe",
      "provider": "provider[\"registry.terraform.io/hashicorp/aws\"]",
      "instances": [
        {
          "schema_version": 1,
          "attributes": {
            "arn": "arn:aws:ec2:us-east-1:866668578024:subnet/subnet-02ba206b8be63157c",
            "assign_ipv6_address_on_creation": false,
            "availability_zone": "us-east-1f",
            "availability_zone_id": "use1-az5",
            "cidr_block": "10.0.1.0/24",
            "customer_owned_ipv4_pool": "",
            "enable_dns64": false,
            "enable_lni_at_device_index": 0,
            "enable_resource_name_dns_a_record_on_launch": false,
            "enable_resource_name_dns_aaaa_record_on_launch": false,
            "id": "subnet-02ba206b8be63157c",
            "ipv6_cidr_block": "",
            "ipv6_cidr_block_association_id": "",
            "ipv6_native": false,
            "map_customer_owned_ip_on_launch": false,
            "map_public_ip_on_launch": false,
            "outpost_arn": "",
            "owner_id": "866668578024",
            "private_dns_hostname_type_on_launch": "ip-name",
            "tags": null,
            "tags_all": {},
            "timeouts": null,
            "vpc_id": "vpc-08021d8c6fa5a6b5d"
          },
          "sensitive_attributes": [],
          "private": "eyJlMmJmYjczMC1lY2FhLTExZTYtOGY4OC0zNDM2M2JjN2M0YzAiOnsiY3JlYXRlIjo2MDAwMDAwMDAwMDAsImRlbGV0ZSI6MTIwMDAwMDAwMDAwMH0sInNjaGVtYV92ZXJzaW9uIjoiMSJ9",
          "dependencies": [
            "aws_vpc.rtc_vpc"
          ]
        }
      ]
    },
    {
      "mode": "managed",
      "type": "aws_vpc",
      "name": "rtc_vpc",
      "provider": "provider[\"registry.terraform.io/hashicorp/aws\"]",
      "instances": [
        {
          "schema_version": 1,
          "attributes": {
            "arn": "arn:aws:ec2:us-east-1:866668578024:vpc/vpc-08021d8c6fa5a6b5d",
            "assign_generated_ipv6_cidr_block": false,
            "cidr_block": "10.0.0.0/16",
            "default_network_acl_id": "acl-04a92ae147e6a25a8",
            "default_route_table_id": "rtb-01db32cdbf8fc77fd",
            "default_security_group_id": "sg-01468da95b4a813a8",
            "dhcp_options_id": "dopt-0a6f36f3dc2932125",
            "enable_dns_hostnames": true,
            "enable_dns_support": true,
            "enable_network_address_usage_metrics": false,
            "id": "vpc-08021d8c6fa5a6b5d",
            "instance_tenancy": "default",
            "ipv4_ipam_pool_id": null,
            "ipv4_netmask_length": null,
            "ipv6_association_id": "",
            "ipv6_cidr_block": "",
            "ipv6_cidr_block_network_border_group": "",
            "ipv6_ipam_pool_id": "",
            "ipv6_netmask_length": 0,
            "main_route_table_id": "rtb-01db32cdbf8fc77fd",
            "owner_id": "866668578024",
            "tags": null,
            "tags_all": {}
          },
          "sensitive_attributes": [],
          "private": "eyJzY2hlbWFfdmVyc2lvbiI6IjEifQ=="
        }
      ]
    }
  ],
  "check_results": null
}
