{
  "version": 4,
  "terraform_version": "1.4.6",
  "serial": 83,
  "lineage": "e5d1ced9-a856-38bb-1f7f-dcd10da16d01",
  "outputs": {},
  "resources": [
    {
      "mode": "data",
      "type": "archive_file",
      "name": "source_be",
      "provider": "provider[\"registry.terraform.io/hashicorp/archive\"]",
      "instances": [
        {
          "schema_version": 0,
          "attributes": {
            "exclude_symlink_directories": null,
            "excludes": null,
            "id": "0386b55ca19edd23fd7880178eb7700130662de3",
            "output_base64sha256": "RZtO2bo/gT10GtWLx9qC4mWyPbcoqbMXmtuBgHTMtIg=",
            "output_base64sha512": "uckGFvnT1eVgsJoI2Orsa0a5uq/KyTWYP4zNfWV44LJr95tOnAIZS99UXpzK5+VZI+lPOZCwo6uTJ7tfamcRJA==",
            "output_file_mode": null,
            "output_md5": "83709143b4810b3ebf397ece8228a5ff",
            "output_path": "./source-code/nest-server-rtc.zip",
            "output_sha": "0386b55ca19edd23fd7880178eb7700130662de3",
            "output_sha256": "459b4ed9ba3f813d741ad58bc7da82e265b23db728a9b3179adb818074ccb488",
            "output_sha512": "b9c90616f9d3d5e560b09a08d8eaec6b46b9baafcac935983f8ccd7d6578e0b26bf79b4e9c02194bdf545e9ccae7e55923e94f3990b0a3ab9327bb5f6a671124",
            "output_size": 306620,
            "source": [],
            "source_content": null,
            "source_content_filename": null,
            "source_dir": "./../nest-server-rtc",
            "source_file": null,
            "type": "zip"
          },
          "sensitive_attributes": []
        }
      ]
    },
    {
      "mode": "data",
      "type": "archive_file",
      "name": "source_fe",
      "provider": "provider[\"registry.terraform.io/hashicorp/archive\"]",
      "instances": [
        {
          "schema_version": 0,
          "attributes": {
            "exclude_symlink_directories": null,
            "excludes": null,
            "id": "fc8c3e467dcad31cdba2731ac09def09944be13e",
            "output_base64sha256": "d2bkSJvHs+D6PAN2cRfKxsw2SG6VC7Li3x4ADm+2q5k=",
            "output_base64sha512": "egtWR2M9L7+0FApBw3Me2OZUmsElHGvwtcllx1BvXb/2ApoTXhuywPFYBZBfQUZgny3et6d7A5xe+OnTAuptZw==",
            "output_file_mode": null,
            "output_md5": "6f10227ce754101d037e5d7a78774f73",
            "output_path": "./source-code/vue-rtc.zip",
            "output_sha": "fc8c3e467dcad31cdba2731ac09def09944be13e",
            "output_sha256": "7766e4489bc7b3e0fa3c03767117cac6cc36486e950bb2e2df1e000e6fb6ab99",
            "output_sha512": "7a0b5647633d2fbfb4140a41c3731ed8e6549ac1251c6bf0b5c965c7506f5dbff6029a135e1bb2c0f15805905f4146609f2ddeb7a77b039c5ef8e9d302ea6d67",
            "output_size": 254897,
            "source": [],
            "source_content": null,
            "source_content_filename": null,
            "source_dir": "./../vue-rtc",
            "source_file": null,
            "type": "zip"
          },
          "sensitive_attributes": []
        }
      ]
    },
    {
      "mode": "managed",
      "type": "aws_api_gateway_deployment",
      "name": "gateway_deployment_be",
      "provider": "provider[\"registry.terraform.io/hashicorp/aws\"]",
      "instances": [
        {
          "schema_version": 0,
          "attributes": {
            "created_date": "2023-06-23T07:09:27Z",
            "description": "",
            "execution_arn": "arn:aws:execute-api:us-east-1:866668578024:t5h60s5574/",
            "id": "f0o858",
            "invoke_url": "https://t5h60s5574.execute-api.us-east-1.amazonaws.com/",
            "rest_api_id": "t5h60s5574",
            "stage_description": null,
            "stage_name": null,
            "triggers": null,
            "variables": null
          },
          "sensitive_attributes": [],
          "private": "bnVsbA==",
          "dependencies": [
            "aws_api_gateway_integration.gateway_integration_fe",
            "aws_api_gateway_method.gateway_method_fe",
            "aws_api_gateway_resource.gateway_resource_fe",
            "aws_api_gateway_rest_api.rest_api_be",
            "aws_api_gateway_rest_api.rest_api_fe",
            "aws_iam_role.lambda_role",
            "aws_lambda_function.lambda_fe",
            "aws_s3_bucket.lambda_bucket",
            "aws_s3_object.s3_object_fe",
            "data.archive_file.source_fe"
          ]
        }
      ]
    },
    {
      "mode": "managed",
      "type": "aws_api_gateway_deployment",
      "name": "gateway_deployment_fe",
      "provider": "provider[\"registry.terraform.io/hashicorp/aws\"]",
      "instances": [
        {
          "schema_version": 0,
          "attributes": {
            "created_date": "2023-06-23T07:09:27Z",
            "description": "",
            "execution_arn": "arn:aws:execute-api:us-east-1:866668578024:qjtzm5i90j/",
            "id": "73ccrk",
            "invoke_url": "https://qjtzm5i90j.execute-api.us-east-1.amazonaws.com/",
            "rest_api_id": "qjtzm5i90j",
            "stage_description": null,
            "stage_name": null,
            "triggers": null,
            "variables": null
          },
          "sensitive_attributes": [],
          "private": "bnVsbA==",
          "dependencies": [
            "aws_api_gateway_integration.gateway_integration_fe",
            "aws_api_gateway_method.gateway_method_fe",
            "aws_api_gateway_resource.gateway_resource_fe",
            "aws_api_gateway_rest_api.rest_api_fe",
            "aws_iam_role.lambda_role",
            "aws_lambda_function.lambda_fe",
            "aws_s3_bucket.lambda_bucket",
            "aws_s3_object.s3_object_fe",
            "data.archive_file.source_fe"
          ]
        }
      ]
    },
    {
      "mode": "managed",
      "type": "aws_api_gateway_integration",
      "name": "gateway_integration_be",
      "provider": "provider[\"registry.terraform.io/hashicorp/aws\"]",
      "instances": [
        {
          "schema_version": 0,
          "attributes": {
            "cache_key_parameters": null,
            "cache_namespace": "8qc9e4",
            "connection_id": "",
            "connection_type": "INTERNET",
            "content_handling": "",
            "credentials": "",
            "http_method": "POST",
            "id": "agi-t5h60s5574-8qc9e4-POST",
            "integration_http_method": "POST",
            "passthrough_behavior": "WHEN_NO_MATCH",
            "request_parameters": null,
            "request_templates": null,
            "resource_id": "8qc9e4",
            "rest_api_id": "t5h60s5574",
            "timeout_milliseconds": 29000,
            "tls_config": [],
            "type": "AWS_PROXY",
            "uri": "arn:aws:apigateway:us-east-1:lambda:path/2015-03-31/functions/arn:aws:lambda:us-east-1:866668578024:function:rtc-be/invocations"
          },
          "sensitive_attributes": [],
          "private": "bnVsbA==",
          "dependencies": [
            "aws_api_gateway_method.gateway_method_be",
            "aws_api_gateway_resource.gateway_resource_be",
            "aws_api_gateway_rest_api.rest_api_be",
            "aws_lambda_function.lambda_be"
          ]
        }
      ]
    },
    {
      "mode": "managed",
      "type": "aws_api_gateway_integration",
      "name": "gateway_integration_fe",
      "provider": "provider[\"registry.terraform.io/hashicorp/aws\"]",
      "instances": [
        {
          "schema_version": 0,
          "attributes": {
            "cache_key_parameters": null,
            "cache_namespace": "tlwzse",
            "connection_id": "",
            "connection_type": "INTERNET",
            "content_handling": "",
            "credentials": "",
            "http_method": "POST",
            "id": "agi-qjtzm5i90j-tlwzse-POST",
            "integration_http_method": "POST",
            "passthrough_behavior": "WHEN_NO_MATCH",
            "request_parameters": null,
            "request_templates": null,
            "resource_id": "tlwzse",
            "rest_api_id": "qjtzm5i90j",
            "timeout_milliseconds": 29000,
            "tls_config": [],
            "type": "AWS_PROXY",
            "uri": "arn:aws:apigateway:us-east-1:lambda:path/2015-03-31/functions/arn:aws:lambda:us-east-1:866668578024:function:rtc-fe/invocations"
          },
          "sensitive_attributes": [],
          "private": "bnVsbA==",
          "dependencies": [
            "aws_api_gateway_method.gateway_method_fe",
            "aws_api_gateway_resource.gateway_resource_fe",
            "aws_api_gateway_rest_api.rest_api_fe",
            "aws_lambda_function.lambda_fe"
          ]
        }
      ]
    },
    {
      "mode": "managed",
      "type": "aws_api_gateway_method",
      "name": "gateway_method_be",
      "provider": "provider[\"registry.terraform.io/hashicorp/aws\"]",
      "instances": [
        {
          "schema_version": 0,
          "attributes": {
            "api_key_required": false,
            "authorization": "NONE",
            "authorization_scopes": null,
            "authorizer_id": null,
            "http_method": "POST",
            "id": "agm-t5h60s5574-8qc9e4-POST",
            "operation_name": null,
            "request_models": null,
            "request_parameters": null,
            "request_validator_id": null,
            "resource_id": "8qc9e4",
            "rest_api_id": "t5h60s5574"
          },
          "sensitive_attributes": [],
          "private": "bnVsbA==",
          "dependencies": [
            "aws_api_gateway_resource.gateway_resource_be",
            "aws_api_gateway_rest_api.rest_api_be"
          ]
        }
      ]
    },
    {
      "mode": "managed",
      "type": "aws_api_gateway_method",
      "name": "gateway_method_fe",
      "provider": "provider[\"registry.terraform.io/hashicorp/aws\"]",
      "instances": [
        {
          "schema_version": 0,
          "attributes": {
            "api_key_required": false,
            "authorization": "NONE",
            "authorization_scopes": null,
            "authorizer_id": null,
            "http_method": "POST",
            "id": "agm-qjtzm5i90j-tlwzse-POST",
            "operation_name": null,
            "request_models": null,
            "request_parameters": null,
            "request_validator_id": null,
            "resource_id": "tlwzse",
            "rest_api_id": "qjtzm5i90j"
          },
          "sensitive_attributes": [],
          "private": "bnVsbA==",
          "dependencies": [
            "aws_api_gateway_resource.gateway_resource_fe",
            "aws_api_gateway_rest_api.rest_api_fe"
          ]
        }
      ]
    },
    {
      "mode": "managed",
      "type": "aws_api_gateway_method_response",
      "name": "gateway_method_response_be",
      "provider": "provider[\"registry.terraform.io/hashicorp/aws\"]",
      "instances": [
        {
          "schema_version": 0,
          "attributes": {
            "http_method": "POST",
            "id": "agmr-t5h60s5574-8qc9e4-POST-200",
            "resource_id": "8qc9e4",
            "response_models": {
              "application/json": "Empty"
            },
            "response_parameters": null,
            "rest_api_id": "t5h60s5574",
            "status_code": "200"
          },
          "sensitive_attributes": [],
          "private": "bnVsbA==",
          "dependencies": [
            "aws_api_gateway_method.gateway_method_be",
            "aws_api_gateway_resource.gateway_resource_be",
            "aws_api_gateway_rest_api.rest_api_be"
          ]
        }
      ]
    },
    {
      "mode": "managed",
      "type": "aws_api_gateway_method_response",
      "name": "gateway_method_response_fe",
      "provider": "provider[\"registry.terraform.io/hashicorp/aws\"]",
      "instances": [
        {
          "schema_version": 0,
          "attributes": {
            "http_method": "POST",
            "id": "agmr-qjtzm5i90j-tlwzse-POST-200",
            "resource_id": "tlwzse",
            "response_models": {
              "application/json": "Empty"
            },
            "response_parameters": null,
            "rest_api_id": "qjtzm5i90j",
            "status_code": "200"
          },
          "sensitive_attributes": [],
          "private": "bnVsbA==",
          "dependencies": [
            "aws_api_gateway_method.gateway_method_fe",
            "aws_api_gateway_resource.gateway_resource_fe",
            "aws_api_gateway_rest_api.rest_api_fe"
          ]
        }
      ]
    },
    {
      "mode": "managed",
      "type": "aws_api_gateway_resource",
      "name": "gateway_resource_be",
      "provider": "provider[\"registry.terraform.io/hashicorp/aws\"]",
      "instances": [
        {
          "schema_version": 0,
          "attributes": {
            "id": "8qc9e4",
            "parent_id": "8hvogbipse",
            "path": "/be",
            "path_part": "be",
            "rest_api_id": "t5h60s5574"
          },
          "sensitive_attributes": [],
          "private": "bnVsbA==",
          "dependencies": [
            "aws_api_gateway_rest_api.rest_api_be"
          ]
        }
      ]
    },
    {
      "mode": "managed",
      "type": "aws_api_gateway_resource",
      "name": "gateway_resource_fe",
      "provider": "provider[\"registry.terraform.io/hashicorp/aws\"]",
      "instances": [
        {
          "schema_version": 0,
          "attributes": {
            "id": "tlwzse",
            "parent_id": "ok8cyouy09",
            "path": "/fe",
            "path_part": "fe",
            "rest_api_id": "qjtzm5i90j"
          },
          "sensitive_attributes": [],
          "private": "bnVsbA==",
          "dependencies": [
            "aws_api_gateway_rest_api.rest_api_fe"
          ]
        }
      ]
    },
    {
      "mode": "managed",
      "type": "aws_api_gateway_rest_api",
      "name": "rest_api_be",
      "provider": "provider[\"registry.terraform.io/hashicorp/aws\"]",
      "instances": [
        {
          "schema_version": 0,
          "attributes": {
            "api_key_source": "HEADER",
            "arn": "arn:aws:apigateway:us-east-1::/restapis/t5h60s5574",
            "binary_media_types": [],
            "body": null,
            "created_date": "2023-06-23T07:08:26Z",
            "description": "An example API Gateway",
            "disable_execute_api_endpoint": false,
            "endpoint_configuration": [
              {
                "types": [
                  "EDGE"
                ],
                "vpc_endpoint_ids": []
              }
            ],
            "execution_arn": "arn:aws:execute-api:us-east-1:866668578024:t5h60s5574",
            "fail_on_warnings": null,
            "id": "t5h60s5574",
            "minimum_compression_size": "",
            "name": "rtc-be",
            "parameters": null,
            "policy": "",
            "put_rest_api_mode": null,
            "root_resource_id": "8hvogbipse",
            "tags": {},
            "tags_all": {}
          },
          "sensitive_attributes": [],
          "private": "bnVsbA=="
        }
      ]
    },
    {
      "mode": "managed",
      "type": "aws_api_gateway_rest_api",
      "name": "rest_api_fe",
      "provider": "provider[\"registry.terraform.io/hashicorp/aws\"]",
      "instances": [
        {
          "schema_version": 0,
          "attributes": {
            "api_key_source": "HEADER",
            "arn": "arn:aws:apigateway:us-east-1::/restapis/qjtzm5i90j",
            "binary_media_types": [],
            "body": null,
            "created_date": "2023-06-23T07:08:26Z",
            "description": "An example API Gateway",
            "disable_execute_api_endpoint": false,
            "endpoint_configuration": [
              {
                "types": [
                  "EDGE"
                ],
                "vpc_endpoint_ids": []
              }
            ],
            "execution_arn": "arn:aws:execute-api:us-east-1:866668578024:qjtzm5i90j",
            "fail_on_warnings": null,
            "id": "qjtzm5i90j",
            "minimum_compression_size": "",
            "name": "rtc-fe",
            "parameters": null,
            "policy": "",
            "put_rest_api_mode": null,
            "root_resource_id": "ok8cyouy09",
            "tags": {},
            "tags_all": {}
          },
          "sensitive_attributes": [],
          "private": "bnVsbA=="
        }
      ]
    },
    {
      "mode": "managed",
      "type": "aws_cloudwatch_log_group",
      "name": "log_group_be",
      "provider": "provider[\"registry.terraform.io/hashicorp/aws\"]",
      "instances": [
        {
          "schema_version": 0,
          "attributes": {
            "arn": "arn:aws:logs:us-east-1:866668578024:log-group:/rtc_be",
            "id": "/rtc_be",
            "kms_key_id": "",
            "name": "/rtc_be",
            "name_prefix": "",
            "retention_in_days": 30,
            "skip_destroy": false,
            "tags": {},
            "tags_all": {}
          },
          "sensitive_attributes": [],
          "private": "bnVsbA=="
        }
      ]
    },
    {
      "mode": "managed",
      "type": "aws_cloudwatch_log_group",
      "name": "log_group_fe",
      "provider": "provider[\"registry.terraform.io/hashicorp/aws\"]",
      "instances": [
        {
          "schema_version": 0,
          "attributes": {
            "arn": "arn:aws:logs:us-east-1:866668578024:log-group:/rtc_fe",
            "id": "/rtc_fe",
            "kms_key_id": "",
            "name": "/rtc_fe",
            "name_prefix": "",
            "retention_in_days": 30,
            "skip_destroy": false,
            "tags": {},
            "tags_all": {}
          },
          "sensitive_attributes": [],
          "private": "bnVsbA=="
        }
      ]
    },
    {
      "mode": "managed",
      "type": "aws_iam_role",
      "name": "lambda_role",
      "provider": "provider[\"registry.terraform.io/hashicorp/aws\"]",
      "instances": [
        {
          "schema_version": 0,
          "attributes": {
            "arn": "arn:aws:iam::866668578024:role/serverless_lambda",
            "assume_role_policy": "{\"Statement\":[{\"Action\":\"sts:AssumeRole\",\"Effect\":\"Allow\",\"Principal\":{\"Service\":\"lambda.amazonaws.com\"},\"Sid\":\"\"}],\"Version\":\"2012-10-17\"}",
            "create_date": "2023-06-23T07:08:26Z",
            "description": "",
            "force_detach_policies": false,
            "id": "serverless_lambda",
            "inline_policy": [],
            "managed_policy_arns": [
              "arn:aws:iam::aws:policy/service-role/AWSLambdaBasicExecutionRole"
            ],
            "max_session_duration": 3600,
            "name": "serverless_lambda",
            "name_prefix": "",
            "path": "/",
            "permissions_boundary": null,
            "tags": {},
            "tags_all": {},
            "unique_id": "AROA4TSLZATUD6PTEXAOD"
          },
          "sensitive_attributes": [],
          "private": "bnVsbA=="
        }
      ]
    },
    {
      "mode": "managed",
      "type": "aws_iam_role_policy_attachment",
      "name": "lambda_policy",
      "provider": "provider[\"registry.terraform.io/hashicorp/aws\"]",
      "instances": [
        {
          "schema_version": 0,
          "attributes": {
            "id": "serverless_lambda-20230623070828101600000001",
            "policy_arn": "arn:aws:iam::aws:policy/service-role/AWSLambdaBasicExecutionRole",
            "role": "serverless_lambda"
          },
          "sensitive_attributes": [],
          "private": "bnVsbA==",
          "dependencies": [
            "aws_iam_role.lambda_role"
          ]
        }
      ]
    },
    {
      "mode": "managed",
      "type": "aws_lambda_function",
      "name": "lambda_be",
      "provider": "provider[\"registry.terraform.io/hashicorp/aws\"]",
      "instances": [
        {
          "schema_version": 0,
          "attributes": {
            "architectures": [
              "x86_64"
            ],
            "arn": "arn:aws:lambda:us-east-1:866668578024:function:rtc-be",
            "code_signing_config_arn": "",
            "dead_letter_config": [],
            "description": "",
            "environment": [],
            "ephemeral_storage": [
              {
                "size": 512
              }
            ],
            "file_system_config": [],
            "filename": null,
            "function_name": "rtc-be",
            "handler": "handler.handler",
            "id": "rtc-be",
            "image_config": [],
            "image_uri": "",
            "invoke_arn": "arn:aws:apigateway:us-east-1:lambda:path/2015-03-31/functions/arn:aws:lambda:us-east-1:866668578024:function:rtc-be/invocations",
            "kms_key_arn": "",
            "last_modified": "2023-06-23T08:05:50.112+0000",
            "layers": [],
            "memory_size": 128,
            "package_type": "Zip",
            "publish": false,
            "qualified_arn": "arn:aws:lambda:us-east-1:866668578024:function:rtc-be:$LATEST",
            "qualified_invoke_arn": "arn:aws:apigateway:us-east-1:lambda:path/2015-03-31/functions/arn:aws:lambda:us-east-1:866668578024:function:rtc-be:$LATEST/invocations",
            "replace_security_groups_on_destroy": null,
            "replacement_security_group_ids": null,
            "reserved_concurrent_executions": -1,
            "role": "arn:aws:iam::866668578024:role/serverless_lambda",
            "runtime": "nodejs16.x",
            "s3_bucket": "projectrtc",
            "s3_key": "nest-server-rtc.zip",
            "s3_object_version": null,
            "signing_job_arn": "",
            "signing_profile_version_arn": "",
            "skip_destroy": false,
            "snap_start": [],
            "source_code_hash": "RZtO2bo/gT10GtWLx9qC4mWyPbcoqbMXmtuBgHTMtIg=",
            "source_code_size": 306620,
            "tags": {},
            "tags_all": {},
            "timeout": 3,
            "timeouts": null,
            "tracing_config": [
              {
                "mode": "PassThrough"
              }
            ],
            "version": "$LATEST",
            "vpc_config": []
          },
          "sensitive_attributes": [],
          "private": "eyJlMmJmYjczMC1lY2FhLTExZTYtOGY4OC0zNDM2M2JjN2M0YzAiOnsiY3JlYXRlIjo2MDAwMDAwMDAwMDAsImRlbGV0ZSI6NjAwMDAwMDAwMDAwLCJ1cGRhdGUiOjYwMDAwMDAwMDAwMH19",
          "dependencies": [
            "aws_iam_role.lambda_role",
            "aws_s3_bucket.lambda_bucket",
            "aws_s3_object.s3_object_be",
            "data.archive_file.source_be"
          ]
        }
      ]
    },
    {
      "mode": "managed",
      "type": "aws_lambda_function",
      "name": "lambda_fe",
      "provider": "provider[\"registry.terraform.io/hashicorp/aws\"]",
      "instances": [
        {
          "schema_version": 0,
          "attributes": {
            "architectures": [
              "x86_64"
            ],
            "arn": "arn:aws:lambda:us-east-1:866668578024:function:rtc-fe",
            "code_signing_config_arn": "",
            "dead_letter_config": [],
            "description": "",
            "environment": [],
            "ephemeral_storage": [
              {
                "size": 512
              }
            ],
            "file_system_config": [],
            "filename": null,
            "function_name": "rtc-fe",
            "handler": "handler.handler",
            "id": "rtc-fe",
            "image_config": [],
            "image_uri": "",
            "invoke_arn": "arn:aws:apigateway:us-east-1:lambda:path/2015-03-31/functions/arn:aws:lambda:us-east-1:866668578024:function:rtc-fe/invocations",
            "kms_key_arn": "",
            "last_modified": "2023-06-23T08:05:50.110+0000",
            "layers": [],
            "memory_size": 128,
            "package_type": "Zip",
            "publish": false,
            "qualified_arn": "arn:aws:lambda:us-east-1:866668578024:function:rtc-fe:$LATEST",
            "qualified_invoke_arn": "arn:aws:apigateway:us-east-1:lambda:path/2015-03-31/functions/arn:aws:lambda:us-east-1:866668578024:function:rtc-fe:$LATEST/invocations",
            "replace_security_groups_on_destroy": null,
            "replacement_security_group_ids": null,
            "reserved_concurrent_executions": -1,
            "role": "arn:aws:iam::866668578024:role/serverless_lambda",
            "runtime": "nodejs16.x",
            "s3_bucket": "projectrtc",
            "s3_key": "vue-rtc.zip",
            "s3_object_version": null,
            "signing_job_arn": "",
            "signing_profile_version_arn": "",
            "skip_destroy": false,
            "snap_start": [],
            "source_code_hash": "d2bkSJvHs+D6PAN2cRfKxsw2SG6VC7Li3x4ADm+2q5k=",
            "source_code_size": 254897,
            "tags": {},
            "tags_all": {},
            "timeout": 3,
            "timeouts": null,
            "tracing_config": [
              {
                "mode": "PassThrough"
              }
            ],
            "version": "$LATEST",
            "vpc_config": []
          },
          "sensitive_attributes": [],
          "private": "eyJlMmJmYjczMC1lY2FhLTExZTYtOGY4OC0zNDM2M2JjN2M0YzAiOnsiY3JlYXRlIjo2MDAwMDAwMDAwMDAsImRlbGV0ZSI6NjAwMDAwMDAwMDAwLCJ1cGRhdGUiOjYwMDAwMDAwMDAwMH19",
          "dependencies": [
            "aws_iam_role.lambda_role",
            "aws_s3_bucket.lambda_bucket",
            "aws_s3_object.s3_object_fe",
            "data.archive_file.source_fe"
          ]
        }
      ]
    },
    {
      "mode": "managed",
      "type": "aws_lambda_permission",
      "name": "allow_apigw_be_invoke_lambda",
      "provider": "provider[\"registry.terraform.io/hashicorp/aws\"]",
      "instances": [
        {
          "schema_version": 0,
          "attributes": {
            "action": "lambda:InvokeFunction",
            "event_source_token": null,
            "function_name": "rtc-be",
            "function_url_auth_type": null,
            "id": "AllowExecutionFromAPIGateway",
            "principal": "apigateway.amazonaws.com",
            "principal_org_id": null,
            "qualifier": "",
            "source_account": null,
            "source_arn": "arn:aws:execute-api:us-east-1:866668578024:t5h60s5574/*/POST/be",
            "statement_id": "AllowExecutionFromAPIGateway",
            "statement_id_prefix": ""
          },
          "sensitive_attributes": [],
          "private": "bnVsbA==",
          "dependencies": [
            "aws_api_gateway_method.gateway_method_be",
            "aws_api_gateway_resource.gateway_resource_be",
            "aws_api_gateway_rest_api.rest_api_be",
            "aws_lambda_function.lambda_be"
          ]
        }
      ]
    },
    {
      "mode": "managed",
      "type": "aws_lambda_permission",
      "name": "allow_apigw_fe_invoke_lambda",
      "provider": "provider[\"registry.terraform.io/hashicorp/aws\"]",
      "instances": [
        {
          "schema_version": 0,
          "attributes": {
            "action": "lambda:InvokeFunction",
            "event_source_token": null,
            "function_name": "rtc-fe",
            "function_url_auth_type": null,
            "id": "AllowExecutionFromAPIGateway",
            "principal": "apigateway.amazonaws.com",
            "principal_org_id": null,
            "qualifier": "",
            "source_account": null,
            "source_arn": "arn:aws:execute-api:us-east-1:866668578024:qjtzm5i90j/*/POST/fe",
            "statement_id": "AllowExecutionFromAPIGateway",
            "statement_id_prefix": ""
          },
          "sensitive_attributes": [],
          "private": "bnVsbA==",
          "dependencies": [
            "aws_api_gateway_method.gateway_method_fe",
            "aws_api_gateway_resource.gateway_resource_fe",
            "aws_api_gateway_rest_api.rest_api_fe",
            "aws_lambda_function.lambda_fe"
          ]
        }
      ]
    },
    {
      "mode": "managed",
      "type": "aws_lambda_permission",
      "name": "logging_be",
      "provider": "provider[\"registry.terraform.io/hashicorp/aws\"]",
      "instances": [
        {
          "schema_version": 0,
          "attributes": {
            "action": "lambda:InvokeFunction",
            "event_source_token": null,
            "function_name": "rtc-be",
            "function_url_auth_type": null,
            "id": "terraform-20230623070926586600000002",
            "principal": "logs.us-east-1.amazonaws.com",
            "principal_org_id": null,
            "qualifier": "",
            "source_account": null,
            "source_arn": "arn:aws:logs:us-east-1:866668578024:log-group:/rtc_be:*",
            "statement_id": "terraform-20230623070926586600000002",
            "statement_id_prefix": "terraform-"
          },
          "sensitive_attributes": [],
          "private": "bnVsbA==",
          "dependencies": [
            "aws_cloudwatch_log_group.log_group_be",
            "aws_iam_role.lambda_role",
            "aws_lambda_function.lambda_be",
            "aws_s3_bucket.lambda_bucket",
            "aws_s3_object.s3_object_be",
            "data.archive_file.source_be"
          ]
        }
      ]
    },
    {
      "mode": "managed",
      "type": "aws_lambda_permission",
      "name": "logging_fe",
      "provider": "provider[\"registry.terraform.io/hashicorp/aws\"]",
      "instances": [
        {
          "schema_version": 0,
          "attributes": {
            "action": "lambda:InvokeFunction",
            "event_source_token": null,
            "function_name": "rtc-fe",
            "function_url_auth_type": null,
            "id": "terraform-20230623070926550100000001",
            "principal": "logs.us-east-1.amazonaws.com",
            "principal_org_id": null,
            "qualifier": "",
            "source_account": null,
            "source_arn": "arn:aws:logs:us-east-1:866668578024:log-group:/rtc_fe:*",
            "statement_id": "terraform-20230623070926550100000001",
            "statement_id_prefix": "terraform-"
          },
          "sensitive_attributes": [],
          "private": "bnVsbA==",
          "dependencies": [
            "aws_cloudwatch_log_group.log_group_fe",
            "aws_iam_role.lambda_role",
            "aws_lambda_function.lambda_fe",
            "aws_s3_bucket.lambda_bucket",
            "aws_s3_object.s3_object_fe",
            "data.archive_file.source_fe"
          ]
        }
      ]
    },
    {
      "mode": "managed",
      "type": "aws_s3_bucket",
      "name": "lambda_bucket",
      "provider": "provider[\"registry.terraform.io/hashicorp/aws\"]",
      "instances": [
        {
          "schema_version": 0,
          "attributes": {
            "acceleration_status": "",
            "acl": null,
            "arn": "arn:aws:s3:::projectrtc",
            "bucket": "projectrtc",
            "bucket_domain_name": "projectrtc.s3.amazonaws.com",
            "bucket_prefix": "",
            "bucket_regional_domain_name": "projectrtc.s3.us-east-1.amazonaws.com",
            "cors_rule": [],
            "force_destroy": false,
            "grant": [
              {
                "id": "6e1e0af1625e0c72bbf8877c05a303e9ac580ef7c0cbd41cd51bf120c042d632",
                "permissions": [
                  "FULL_CONTROL"
                ],
                "type": "CanonicalUser",
                "uri": ""
              }
            ],
            "hosted_zone_id": "Z3AQBSTGFYJSTF",
            "id": "projectrtc",
            "lifecycle_rule": [],
            "logging": [],
            "object_lock_configuration": [],
            "object_lock_enabled": false,
            "policy": "",
            "region": "us-east-1",
            "replication_configuration": [],
            "request_payer": "BucketOwner",
            "server_side_encryption_configuration": [
              {
                "rule": [
                  {
                    "apply_server_side_encryption_by_default": [
                      {
                        "kms_master_key_id": "",
                        "sse_algorithm": "AES256"
                      }
                    ],
                    "bucket_key_enabled": false
                  }
                ]
              }
            ],
            "tags": {
              "Environment": "Dev",
              "Name": "Lambda bucket"
            },
            "tags_all": {
              "Environment": "Dev",
              "Name": "Lambda bucket"
            },
            "timeouts": null,
            "versioning": [
              {
                "enabled": false,
                "mfa_delete": false
              }
            ],
            "website": [],
            "website_domain": null,
            "website_endpoint": null
          },
          "sensitive_attributes": [],
          "private": "eyJlMmJmYjczMC1lY2FhLTExZTYtOGY4OC0zNDM2M2JjN2M0YzAiOnsiY3JlYXRlIjoxMjAwMDAwMDAwMDAwLCJkZWxldGUiOjM2MDAwMDAwMDAwMDAsInJlYWQiOjEyMDAwMDAwMDAwMDAsInVwZGF0ZSI6MTIwMDAwMDAwMDAwMH19"
        }
      ]
    },
    {
      "mode": "managed",
      "type": "aws_s3_object",
      "name": "s3_object_be",
      "provider": "provider[\"registry.terraform.io/hashicorp/aws\"]",
      "instances": [
        {
          "schema_version": 0,
          "attributes": {
            "acl": null,
            "bucket": "projectrtc",
            "bucket_key_enabled": false,
            "cache_control": "",
            "content": null,
            "content_base64": null,
            "content_disposition": "",
            "content_encoding": "",
            "content_language": "",
            "content_type": "binary/octet-stream",
            "etag": "83709143b4810b3ebf397ece8228a5ff",
            "force_destroy": false,
            "id": "nest-server-rtc.zip",
            "key": "nest-server-rtc.zip",
            "kms_key_id": null,
            "metadata": {},
            "object_lock_legal_hold_status": "",
            "object_lock_mode": "",
            "object_lock_retain_until_date": "",
            "server_side_encryption": "AES256",
            "source": "./source-code/nest-server-rtc.zip",
            "source_hash": null,
            "storage_class": "STANDARD",
            "tags": {},
            "tags_all": {},
            "version_id": "",
            "website_redirect": ""
          },
          "sensitive_attributes": [],
          "private": "bnVsbA==",
          "dependencies": [
            "aws_s3_bucket.lambda_bucket",
            "data.archive_file.source_be"
          ]
        }
      ]
    },
    {
      "mode": "managed",
      "type": "aws_s3_object",
      "name": "s3_object_fe",
      "provider": "provider[\"registry.terraform.io/hashicorp/aws\"]",
      "instances": [
        {
          "schema_version": 0,
          "attributes": {
            "acl": null,
            "bucket": "projectrtc",
            "bucket_key_enabled": false,
            "cache_control": "",
            "content": null,
            "content_base64": null,
            "content_disposition": "",
            "content_encoding": "",
            "content_language": "",
            "content_type": "binary/octet-stream",
            "etag": "6f10227ce754101d037e5d7a78774f73",
            "force_destroy": false,
            "id": "vue-rtc.zip",
            "key": "vue-rtc.zip",
            "kms_key_id": null,
            "metadata": {},
            "object_lock_legal_hold_status": "",
            "object_lock_mode": "",
            "object_lock_retain_until_date": "",
            "server_side_encryption": "AES256",
            "source": "./source-code/vue-rtc.zip",
            "source_hash": null,
            "storage_class": "STANDARD",
            "tags": {},
            "tags_all": {},
            "version_id": "",
            "website_redirect": ""
          },
          "sensitive_attributes": [],
          "private": "bnVsbA==",
          "dependencies": [
            "aws_s3_bucket.lambda_bucket",
            "data.archive_file.source_fe"
          ]
        }
      ]
    },
    {
      "mode": "managed",
      "type": "aws_security_group",
      "name": "security_group",
      "provider": "provider[\"registry.terraform.io/hashicorp/aws\"]",
      "instances": [
        {
          "schema_version": 1,
          "attributes": {
            "arn": "arn:aws:ec2:us-east-1:866668578024:security-group/sg-026ad3b0bdde44618",
            "description": "Managed by Terraform",
            "egress": [],
            "id": "sg-026ad3b0bdde44618",
            "ingress": [],
            "name": "lambda_security_group",
            "name_prefix": "",
            "owner_id": "866668578024",
            "revoke_rules_on_delete": false,
            "tags": {},
            "tags_all": {},
            "timeouts": null,
            "vpc_id": "vpc-02ab9660b39f817d1"
          },
          "sensitive_attributes": [],
          "private": "eyJlMmJmYjczMC1lY2FhLTExZTYtOGY4OC0zNDM2M2JjN2M0YzAiOnsiY3JlYXRlIjo2MDAwMDAwMDAwMDAsImRlbGV0ZSI6OTAwMDAwMDAwMDAwfSwic2NoZW1hX3ZlcnNpb24iOiIxIn0=",
          "create_before_destroy": true
        }
      ]
    },
    {
      "mode": "managed",
      "type": "aws_subnet",
      "name": "subnet_be",
      "provider": "provider[\"registry.terraform.io/hashicorp/aws\"]",
      "instances": [
        {
          "schema_version": 1,
          "attributes": {
            "arn": "arn:aws:ec2:us-east-1:866668578024:subnet/subnet-0c4b254629c099fea",
            "assign_ipv6_address_on_creation": false,
            "availability_zone": "us-east-1f",
            "availability_zone_id": "use1-az5",
            "cidr_block": "10.0.2.0/24",
            "customer_owned_ipv4_pool": "",
            "enable_dns64": false,
            "enable_lni_at_device_index": 0,
            "enable_resource_name_dns_a_record_on_launch": false,
            "enable_resource_name_dns_aaaa_record_on_launch": false,
            "id": "subnet-0c4b254629c099fea",
            "ipv6_cidr_block": "",
            "ipv6_cidr_block_association_id": "",
            "ipv6_native": false,
            "map_customer_owned_ip_on_launch": false,
            "map_public_ip_on_launch": false,
            "outpost_arn": "",
            "owner_id": "866668578024",
            "private_dns_hostname_type_on_launch": "ip-name",
            "tags": {},
            "tags_all": {},
            "timeouts": null,
            "vpc_id": "vpc-0f19db3dc4506ec04"
          },
          "sensitive_attributes": [],
          "private": "eyJlMmJmYjczMC1lY2FhLTExZTYtOGY4OC0zNDM2M2JjN2M0YzAiOnsiY3JlYXRlIjo2MDAwMDAwMDAwMDAsImRlbGV0ZSI6MTIwMDAwMDAwMDAwMH0sInNjaGVtYV92ZXJzaW9uIjoiMSJ9",
          "dependencies": [
            "aws_vpc.rtc_vpc"
          ]
        }
      ]
    },
    {
      "mode": "managed",
      "type": "aws_subnet",
      "name": "subnet_fe",
      "provider": "provider[\"registry.terraform.io/hashicorp/aws\"]",
      "instances": [
        {
          "schema_version": 1,
          "attributes": {
            "arn": "arn:aws:ec2:us-east-1:866668578024:subnet/subnet-0dcde45db30462ea8",
            "assign_ipv6_address_on_creation": false,
            "availability_zone": "us-east-1c",
            "availability_zone_id": "use1-az1",
            "cidr_block": "10.0.1.0/24",
            "customer_owned_ipv4_pool": "",
            "enable_dns64": false,
            "enable_lni_at_device_index": 0,
            "enable_resource_name_dns_a_record_on_launch": false,
            "enable_resource_name_dns_aaaa_record_on_launch": false,
            "id": "subnet-0dcde45db30462ea8",
            "ipv6_cidr_block": "",
            "ipv6_cidr_block_association_id": "",
            "ipv6_native": false,
            "map_customer_owned_ip_on_launch": false,
            "map_public_ip_on_launch": false,
            "outpost_arn": "",
            "owner_id": "866668578024",
            "private_dns_hostname_type_on_launch": "ip-name",
            "tags": {},
            "tags_all": {},
            "timeouts": null,
            "vpc_id": "vpc-0f19db3dc4506ec04"
          },
          "sensitive_attributes": [],
          "private": "eyJlMmJmYjczMC1lY2FhLTExZTYtOGY4OC0zNDM2M2JjN2M0YzAiOnsiY3JlYXRlIjo2MDAwMDAwMDAwMDAsImRlbGV0ZSI6MTIwMDAwMDAwMDAwMH0sInNjaGVtYV92ZXJzaW9uIjoiMSJ9",
          "dependencies": [
            "aws_vpc.rtc_vpc"
          ]
        }
      ]
    },
    {
      "mode": "managed",
      "type": "aws_vpc",
      "name": "rtc_vpc",
      "provider": "provider[\"registry.terraform.io/hashicorp/aws\"]",
      "instances": [
        {
          "schema_version": 1,
          "attributes": {
            "arn": "arn:aws:ec2:us-east-1:866668578024:vpc/vpc-0f19db3dc4506ec04",
            "assign_generated_ipv6_cidr_block": false,
            "cidr_block": "10.0.0.0/16",
            "default_network_acl_id": "acl-0232dac04758992eb",
            "default_route_table_id": "rtb-04af6400ad9a1d89f",
            "default_security_group_id": "sg-081c7bfdba5d030b8",
            "dhcp_options_id": "dopt-0a6f36f3dc2932125",
            "enable_dns_hostnames": true,
            "enable_dns_support": true,
            "enable_network_address_usage_metrics": false,
            "id": "vpc-0f19db3dc4506ec04",
            "instance_tenancy": "default",
            "ipv4_ipam_pool_id": null,
            "ipv4_netmask_length": null,
            "ipv6_association_id": "",
            "ipv6_cidr_block": "",
            "ipv6_cidr_block_network_border_group": "",
            "ipv6_ipam_pool_id": "",
            "ipv6_netmask_length": 0,
            "main_route_table_id": "rtb-04af6400ad9a1d89f",
            "owner_id": "866668578024",
            "tags": {},
            "tags_all": {}
          },
          "sensitive_attributes": [],
          "private": "eyJzY2hlbWFfdmVyc2lvbiI6IjEifQ=="
        }
      ]
    }
  ],
  "check_results": null
}
